
Microsoft Visual Studio Solution File, Format Version 12.00
# Visual Studio Version 17
VisualStudioVersion = 17.9.34714.143
MinimumVisualStudioVersion = 10.0.40219.1
Project("{FAE04EC0-301F-11D3-BF4B-00C04F79EFBC}") = "Reportobello", "Reportobello\Reportobello.csproj", "{E6B34058-62FC-4154-A5BB-24D028C0865A}"
EndProject
Global
	GlobalSection(SolutionConfigurationPlatforms) = preSolution
		Debug|Any CPU = Debug|Any CPU
		Release|Any CPU = Release|Any CPU
	EndGlobalSection
	GlobalSection(ProjectConfigurationPlatforms) = postSolution
		{E6B34058-62FC-4154-A5BB-24D028C0865A}.Debug|Any CPU.ActiveCfg = Debug|Any CPU
		{E6B34058-62FC-4154-A5BB-24D028C0865A}.Debug|Any CPU.Build.0 = Debug|Any CPU
		{E6B34058-62FC-4154-A5BB-24D028C0865A}.Release|Any CPU.ActiveCfg = Release|Any CPU
		{E6B34058-62FC-4154-A5BB-24D028C0865A}.Release|Any CPU.Build.0 = Release|Any CPU
	EndGlobalSection
	GlobalSection(SolutionProperties) = preSolution
		HideSolutionNode = FALSE
	EndGlobalSection
	GlobalSection(ExtensibilityGlobals) = postSolution
		SolutionGuid = {515225A6-F58C-4B18-8EA8-7E03F0727DBB}
	EndGlobalSection
EndGlobal
